
Microsoft Visual Studio Solution File, Format Version 12.00
# Visual Studio Version 17
VisualStudioVersion = 17.12.35527.113 d17.12
MinimumVisualStudioVersion = 10.0.40219.1
Project("{FAE04EC0-301F-11D3-BF4B-00C04F79EFBC}") = "Lab3", "Lab3\Lab3.csproj", "{F41BDBF0-8870-43B5-BF7D-A1B9D8D68DCA}"
EndProject
Global
	GlobalSection(SolutionConfigurationPlatforms) = preSolution
		Debug|Any CPU = Debug|Any CPU
		Release|Any CPU = Release|Any CPU
	EndGlobalSection
	GlobalSection(ProjectConfigurationPlatforms) = postSolution
		{F41BDBF0-8870-43B5-BF7D-A1B9D8D68DCA}.Debug|Any CPU.ActiveCfg = Debug|Any CPU
		{F41BDBF0-8870-43B5-BF7D-A1B9D8D68DCA}.Debug|Any CPU.Build.0 = Debug|Any CPU
		{F41BDBF0-8870-43B5-BF7D-A1B9D8D68DCA}.Release|Any CPU.ActiveCfg = Release|Any CPU
		{F41BDBF0-8870-43B5-BF7D-A1B9D8D68DCA}.Release|Any CPU.Build.0 = Release|Any CPU
	EndGlobalSection
	GlobalSection(SolutionProperties) = preSolution
		HideSolutionNode = FALSE
	EndGlobalSection
EndGlobal
